Microsoft Visual Studio Solution File, Format Version 11.00
# Visual Studio 2008

Project("{81043F8C-6815-75BC-A3E4-EFF6AFBD9DB9}") = "BW", "Assembly-CSharp-vs.csproj", "{573DFD85-A5DA-A435-8D5F-4F9595BD868B}"
EndProject
Global
	GlobalSection(SolutionConfigurationPlatforms) = preSolution
		Debug|Any CPU = Debug|Any CPU
		Release|Any CPU = Release|Any CPU
	EndGlobalSection
	GlobalSection(ProjectConfigurationPlatforms) = postSolution
		{573DFD85-A5DA-A435-8D5F-4F9595BD868B}.Debug|Any CPU.ActiveCfg = Debug|Any CPU
		{573DFD85-A5DA-A435-8D5F-4F9595BD868B}.Debug|Any CPU.Build.0 = Debug|Any CPU
		{573DFD85-A5DA-A435-8D5F-4F9595BD868B}.Release|Any CPU.ActiveCfg = Release|Any CPU
		{573DFD85-A5DA-A435-8D5F-4F9595BD868B}.Release|Any CPU.Build.0 = Release|Any CPU
	EndGlobalSection
	GlobalSection(SolutionProperties) = preSolution
		HideSolutionNode = FALSE
	EndGlobalSection
										GlobalSection(MonoDevelopProperties) = preSolution
		StartupItem = Assembly-CSharp.csproj
		Policies = $0
		$0.TextStylePolicy = $1
		$1.FileWidth = 120
		$1.TabWidth = 2
		$1.IndentWidth = 2
		$1.EolMarker = Unix
		$1.inheritsSet = Mono
		$1.inheritsScope = text/plain
		$1.scope = text/x-csharp
		$0.CSharpFormattingPolicy = $2
		$2.inheritsSet = Mono
		$2.inheritsScope = text/x-csharp
		$2.scope = text/x-csharp
		$0.TextStylePolicy = $3
		$3.FileWidth = 120
		$3.TabWidth = 2
		$3.IndentWidth = 2
		$3.EolMarker = Unix
		$3.inheritsSet = Mono
		$3.inheritsScope = text/plain
		$3.scope = text/plain
		$0.DotNetNamingPolicy = $4
		$4.DirectoryNamespaceAssociation = None
		$4.ResourceNamePolicy = FileFormatDefault
	EndGlobalSection

EndGlobal
